// !$*UTF8*$!
{
	archiveVersion = 1;
	classes = {
	};
	objectVersion = 51;
	objects = {

/* Begin PBXBuildFile section */
		2248A075260A0AC90083AE7F /* TabBarController.swift in Sources */ = {isa = PBXBuildFile; fileRef = 2248A074260A0AC90083AE7F /* TabBarController.swift */; };
		2248A078260A10750083AE7F /* TabBarStoryboard.storyboard in Resources */ = {isa = PBXBuildFile; fileRef = 2248A077260A10750083AE7F /* TabBarStoryboard.storyboard */; };
		2248A08B260A57520083AE7F /* SpinnerViewController.swift in Sources */ = {isa = PBXBuildFile; fileRef = 2248A08A260A57520083AE7F /* SpinnerViewController.swift */; };
		22CB0B6A260CB5E300C51092 /* FeedViewController.swift in Sources */ = {isa = PBXBuildFile; fileRef = 22CB0B69260CB5E300C51092 /* FeedViewController.swift */; };
		C9F11655D28EADCE5D759A92 /* Pods_Messenger.framework in Frameworks */ = {isa = PBXBuildFile; fileRef = BAB619EEE338A9DE052DB654 /* Pods_Messenger.framework */; };
		F2887A0E25DA5C6500B53DD6 /* SettingsTableViewController.swift in Sources */ = {isa = PBXBuildFile; fileRef = F2887A0D25DA5C6500B53DD6 /* SettingsTableViewController.swift */; };
		F2887A1125E3989B00B53DD6 /* User.swift in Sources */ = {isa = PBXBuildFile; fileRef = F2887A1025E3989B00B53DD6 /* User.swift */; };
		F2E3239A25C14DB60075EB2A /* AppDelegate.swift in Sources */ = {isa = PBXBuildFile; fileRef = F2E3239925C14DB60075EB2A /* AppDelegate.swift */; };
		F2E3239C25C14DB60075EB2A /* SceneDelegate.swift in Sources */ = {isa = PBXBuildFile; fileRef = F2E3239B25C14DB60075EB2A /* SceneDelegate.swift */; };
		F2E3239E25C14DB60075EB2A /* LoginViewController.swift in Sources */ = {isa = PBXBuildFile; fileRef = F2E3239D25C14DB60075EB2A /* LoginViewController.swift */; };
		F2E323A125C14DB60075EB2A /* Main.storyboard in Resources */ = {isa = PBXBuildFile; fileRef = F2E3239F25C14DB60075EB2A /* Main.storyboard */; };
		F2E323A325C14DB70075EB2A /* Assets.xcassets in Resources */ = {isa = PBXBuildFile; fileRef = F2E323A225C14DB70075EB2A /* Assets.xcassets */; };
/* End PBXBuildFile section */

/* Begin PBXFileReference section */
		2248A074260A0AC90083AE7F /* TabBarController.swift */ = {isa = PBXFileReference; lastKnownFileType = sourcecode.swift; path = TabBarController.swift; sourceTree = "<group>"; };
		2248A077260A10750083AE7F /* TabBarStoryboard.storyboard */ = {isa = PBXFileReference; lastKnownFileType = file.storyboard; path = TabBarStoryboard.storyboard; sourceTree = "<group>"; };
		2248A08A260A57520083AE7F /* SpinnerViewController.swift */ = {isa = PBXFileReference; lastKnownFileType = sourcecode.swift; path = SpinnerViewController.swift; sourceTree = "<group>"; };
		22CB0B69260CB5E300C51092 /* FeedViewController.swift */ = {isa = PBXFileReference; lastKnownFileType = sourcecode.swift; path = FeedViewController.swift; sourceTree = "<group>"; };
		78AE80725C1199E44D57BFA4 /* Pods-Messenger.debug.xcconfig */ = {isa = PBXFileReference; includeInIndex = 1; lastKnownFileType = text.xcconfig; name = "Pods-Messenger.debug.xcconfig"; path = "Target Support Files/Pods-Messenger/Pods-Messenger.debug.xcconfig"; sourceTree = "<group>"; };
		BAB619EEE338A9DE052DB654 /* Pods_Messenger.framework */ = {isa = PBXFileReference; explicitFileType = wrapper.framework; includeInIndex = 0; path = Pods_Messenger.framework; sourceTree = BUILT_PRODUCTS_DIR; };
		BB25BAF0F3BE337B62C90030 /* Pods-Messenger.release.xcconfig */ = {isa = PBXFileReference; includeInIndex = 1; lastKnownFileType = text.xcconfig; name = "Pods-Messenger.release.xcconfig"; path = "Target Support Files/Pods-Messenger/Pods-Messenger.release.xcconfig"; sourceTree = "<group>"; };
		F2887A0D25DA5C6500B53DD6 /* SettingsTableViewController.swift */ = {isa = PBXFileReference; lastKnownFileType = sourcecode.swift; path = SettingsTableViewController.swift; sourceTree = "<group>"; };
		F2887A1025E3989B00B53DD6 /* User.swift */ = {isa = PBXFileReference; lastKnownFileType = sourcecode.swift; path = User.swift; sourceTree = "<group>"; };
		F2E3239625C14DB60075EB2A /* Messenger.app */ = {isa = PBXFileReference; explicitFileType = wrapper.application; includeInIndex = 0; path = Messenger.app; sourceTree = BUILT_PRODUCTS_DIR; };
		F2E3239925C14DB60075EB2A /* AppDelegate.swift */ = {isa = PBXFileReference; lastKnownFileType = sourcecode.swift; path = AppDelegate.swift; sourceTree = "<group>"; };
		F2E3239B25C14DB60075EB2A /* SceneDelegate.swift */ = {isa = PBXFileReference; lastKnownFileType = sourcecode.swift; path = SceneDelegate.swift; sourceTree = "<group>"; };
		F2E3239D25C14DB60075EB2A /* LoginViewController.swift */ = {isa = PBXFileReference; lastKnownFileType = sourcecode.swift; path = LoginViewController.swift; sourceTree = "<group>"; };
		F2E323A025C14DB60075EB2A /* Base */ = {isa = PBXFileReference; lastKnownFileType = file.storyboard; name = Base; path = Base.lproj/Main.storyboard; sourceTree = "<group>"; };
		F2E323A225C14DB70075EB2A /* Assets.xcassets */ = {isa = PBXFileReference; lastKnownFileType = folder.assetcatalog; path = Assets.xcassets; sourceTree = "<group>"; };
		F2E323A725C14DB70075EB2A /* Info.plist */ = {isa = PBXFileReference; lastKnownFileType = text.plist.xml; path = Info.plist; sourceTree = "<group>"; };
/* End PBXFileReference section */

/* Begin PBXFrameworksBuildPhase section */
		F2E3239325C14DB60075EB2A /* Frameworks */ = {
			isa = PBXFrameworksBuildPhase;
			buildActionMask = 2147483647;
			files = (
				C9F11655D28EADCE5D759A92 /* Pods_Messenger.framework in Frameworks */,
			);
			runOnlyForDeploymentPostprocessing = 0;
		};
/* End PBXFrameworksBuildPhase section */

/* Begin PBXGroup section */
		2248A06E2609FD6C0083AE7F /* Controller */ = {
			isa = PBXGroup;
			children = (
				F2887A0D25DA5C6500B53DD6 /* SettingsTableViewController.swift */,
				F2E3239D25C14DB60075EB2A /* LoginViewController.swift */,
				2248A074260A0AC90083AE7F /* TabBarController.swift */,
				2248A08A260A57520083AE7F /* SpinnerViewController.swift */,
				22CB0B69260CB5E300C51092 /* FeedViewController.swift */,
			);
			path = Controller;
			sourceTree = "<group>";
		};
		22CB0B66260A6DAE00C51092 /* View */ = {
			isa = PBXGroup;
			children = (
				F2E3239F25C14DB60075EB2A /* Main.storyboard */,
				2248A077260A10750083AE7F /* TabBarStoryboard.storyboard */,
			);
			path = View;
			sourceTree = "<group>";
		};
		2A60D6C13D4CAEE994777306 /* Frameworks */ = {
			isa = PBXGroup;
			children = (
				BAB619EEE338A9DE052DB654 /* Pods_Messenger.framework */,
			);
			name = Frameworks;
			sourceTree = "<group>";
		};
		F2887A1325E398A700B53DD6 /* Model */ = {
			isa = PBXGroup;
			children = (
				F2887A1025E3989B00B53DD6 /* User.swift */,
			);
			path = Model;
			sourceTree = "<group>";
		};
		F2E3238D25C14DB60075EB2A = {
			isa = PBXGroup;
			children = (
				F2E3239825C14DB60075EB2A /* Messenger */,
				F2E3239725C14DB60075EB2A /* Products */,
				FB884B4316C36B15692ACBFA /* Pods */,
				2A60D6C13D4CAEE994777306 /* Frameworks */,
			);
			sourceTree = "<group>";
		};
		F2E3239725C14DB60075EB2A /* Products */ = {
			isa = PBXGroup;
			children = (
				F2E3239625C14DB60075EB2A /* Messenger.app */,
			);
			name = Products;
			sourceTree = "<group>";
		};
		F2E3239825C14DB60075EB2A /* Messenger */ = {
			isa = PBXGroup;
			children = (
				F2E3239925C14DB60075EB2A /* AppDelegate.swift */,
				F2E3239B25C14DB60075EB2A /* SceneDelegate.swift */,
				22CB0B66260A6DAE00C51092 /* View */,
				2248A06E2609FD6C0083AE7F /* Controller */,
				F2887A1325E398A700B53DD6 /* Model */,
				F2E323A225C14DB70075EB2A /* Assets.xcassets */,
				F2E323A725C14DB70075EB2A /* Info.plist */,
			);
			path = Messenger;
			sourceTree = "<group>";
		};
		FB884B4316C36B15692ACBFA /* Pods */ = {
			isa = PBXGroup;
			children = (
				78AE80725C1199E44D57BFA4 /* Pods-Messenger.debug.xcconfig */,
				BB25BAF0F3BE337B62C90030 /* Pods-Messenger.release.xcconfig */,
			);
			path = Pods;
			sourceTree = "<group>";
		};
/* End PBXGroup section */

/* Begin PBXNativeTarget section */
		F2E3239525C14DB60075EB2A /* Messenger */ = {
			isa = PBXNativeTarget;
			buildConfigurationList = F2E323AA25C14DB70075EB2A /* Build configuration list for PBXNativeTarget "Messenger" */;
			buildPhases = (
				3E5C089A4FC5EBAC4C9148F3 /* [CP] Check Pods Manifest.lock */,
				F2E3239225C14DB60075EB2A /* Sources */,
				F2E3239325C14DB60075EB2A /* Frameworks */,
				F2E3239425C14DB60075EB2A /* Resources */,
				1C34668260B02710BC11A224 /* [CP] Embed Pods Frameworks */,
			);
			buildRules = (
			);
			dependencies = (
			);
			name = Messenger;
			productName = Messenger;
			productReference = F2E3239625C14DB60075EB2A /* Messenger.app */;
			productType = "com.apple.product-type.application";
		};
/* End PBXNativeTarget section */

/* Begin PBXProject section */
		F2E3238E25C14DB60075EB2A /* Project object */ = {
			isa = PBXProject;
			attributes = {
				LastSwiftUpdateCheck = 1230;
				LastUpgradeCheck = 1230;
				TargetAttributes = {
					F2E3239525C14DB60075EB2A = {
						CreatedOnToolsVersion = 12.3;
					};
				};
			};
			buildConfigurationList = F2E3239125C14DB60075EB2A /* Build configuration list for PBXProject "Messenger" */;
			compatibilityVersion = "Xcode 9.3";
			developmentRegion = en;
			hasScannedForEncodings = 0;
			knownRegions = (
				en,
				Base,
			);
			mainGroup = F2E3238D25C14DB60075EB2A;
			productRefGroup = F2E3239725C14DB60075EB2A /* Products */;
			projectDirPath = "";
			projectRoot = "";
			targets = (
				F2E3239525C14DB60075EB2A /* Messenger */,
			);
		};
/* End PBXProject section */

/* Begin PBXResourcesBuildPhase section */
		F2E3239425C14DB60075EB2A /* Resources */ = {
			isa = PBXResourcesBuildPhase;
			buildActionMask = 2147483647;
			files = (
				F2E323A325C14DB70075EB2A /* Assets.xcassets in Resources */,
				F2E323A125C14DB60075EB2A /* Main.storyboard in Resources */,
				2248A078260A10750083AE7F /* TabBarStoryboard.storyboard in Resources */,
			);
			runOnlyForDeploymentPostprocessing = 0;
		};
/* End PBXResourcesBuildPhase section */

/* Begin PBXShellScriptBuildPhase section */
		1C34668260B02710BC11A224 /* [CP] Embed Pods Frameworks */ = {
			isa = PBXShellScriptBuildPhase;
			buildActionMask = 2147483647;
			files = (
			);
			inputFileListPaths = (
				"${PODS_ROOT}/Target Support Files/Pods-Messenger/Pods-Messenger-frameworks-${CONFIGURATION}-input-files.xcfilelist",
			);
			name = "[CP] Embed Pods Frameworks";
			outputFileListPaths = (
				"${PODS_ROOT}/Target Support Files/Pods-Messenger/Pods-Messenger-frameworks-${CONFIGURATION}-output-files.xcfilelist",
			);
			runOnlyForDeploymentPostprocessing = 0;
			shellPath = /bin/sh;
			shellScript = "\"${PODS_ROOT}/Target Support Files/Pods-Messenger/Pods-Messenger-frameworks.sh\"\n";
			showEnvVarsInLog = 0;
		};
		3E5C089A4FC5EBAC4C9148F3 /* [CP] Check Pods Manifest.lock */ = {
			isa = PBXShellScriptBuildPhase;
			buildActionMask = 2147483647;
			files = (
			);
			inputFileListPaths = (
			);
			inputPaths = (
				"${PODS_PODFILE_DIR_PATH}/Podfile.lock",
				"${PODS_ROOT}/Manifest.lock",
			);
			name = "[CP] Check Pods Manifest.lock";
			outputFileListPaths = (
			);
			outputPaths = (
				"$(DERIVED_FILE_DIR)/Pods-Messenger-checkManifestLockResult.txt",
			);
			runOnlyForDeploymentPostprocessing = 0;
			shellPath = /bin/sh;
			shellScript = "diff \"${PODS_PODFILE_DIR_PATH}/Podfile.lock\" \"${PODS_ROOT}/Manifest.lock\" > /dev/null\nif [ $? != 0 ] ; then\n    # print error to STDERR\n    echo \"error: The sandbox is not in sync with the Podfile.lock. Run 'pod install' or update your CocoaPods installation.\" >&2\n    exit 1\nfi\n# This output is used by Xcode 'outputs' to avoid re-running this script phase.\necho \"SUCCESS\" > \"${SCRIPT_OUTPUT_FILE_0}\"\n";
			showEnvVarsInLog = 0;
		};
/* End PBXShellScriptBuildPhase section */

/* Begin PBXSourcesBuildPhase section */
		F2E3239225C14DB60075EB2A /* Sources */ = {
			isa = PBXSourcesBuildPhase;
			buildActionMask = 2147483647;
			files = (
				F2887A0E25DA5C6500B53DD6 /* SettingsTableViewController.swift in Sources */,
				F2E3239E25C14DB60075EB2A /* LoginViewController.swift in Sources */,
				F2E3239A25C14DB60075EB2A /* AppDelegate.swift in Sources */,
				2248A075260A0AC90083AE7F /* TabBarController.swift in Sources */,
				F2887A1125E3989B00B53DD6 /* User.swift in Sources */,
				2248A08B260A57520083AE7F /* SpinnerViewController.swift in Sources */,
				22CB0B6A260CB5E300C51092 /* FeedViewController.swift in Sources */,
				F2E3239C25C14DB60075EB2A /* SceneDelegate.swift in Sources */,
			);
			runOnlyForDeploymentPostprocessing = 0;
		};
/* End PBXSourcesBuildPhase section */

/* Begin PBXVariantGroup section */
		F2E3239F25C14DB60075EB2A /* Main.storyboard */ = {
			isa = PBXVariantGroup;
			children = (
				F2E323A025C14DB60075EB2A /* Base */,
			);
			name = Main.storyboard;
			sourceTree = "<group>";
		};
/* End PBXVariantGroup section */

/* Begin XCBuildConfiguration section */
		F2E323A825C14DB70075EB2A /* Debug */ = {
			isa = XCBuildConfiguration;
			buildSettings = {
				ALWAYS_SEARCH_USER_PATHS = NO;
				CLANG_ANALYZER_NONNULL = YES;
				CLANG_ANALYZER_NUMBER_OBJECT_CONVERSION = YES_AGGRESSIVE;
				CLANG_CXX_LANGUAGE_STANDARD = "gnu++14";
				CLANG_CXX_LIBRARY = "libc++";
				CLANG_ENABLE_MODULES = YES;
				CLANG_ENABLE_OBJC_ARC = YES;
				CLANG_ENABLE_OBJC_WEAK = YES;
				CLANG_WARN_BLOCK_CAPTURE_AUTORELEASING = YES;
				CLANG_WARN_BOOL_CONVERSION = YES;
				CLANG_WARN_COMMA = YES;
				CLANG_WARN_CONSTANT_CONVERSION = YES;
				CLANG_WARN_DEPRECATED_OBJC_IMPLEMENTATIONS = YES;
				CLANG_WARN_DIRECT_OBJC_ISA_USAGE = YES_ERROR;
				CLANG_WARN_DOCUMENTATION_COMMENTS = YES;
				CLANG_WARN_EMPTY_BODY = YES;
				CLANG_WARN_ENUM_CONVERSION = YES;
				CLANG_WARN_INFINITE_RECURSION = YES;
				CLANG_WARN_INT_CONVERSION = YES;
				CLANG_WARN_NON_LITERAL_NULL_CONVERSION = YES;
				CLANG_WARN_OBJC_IMPLICIT_RETAIN_SELF = YES;
				CLANG_WARN_OBJC_LITERAL_CONVERSION = YES;
				CLANG_WARN_OBJC_ROOT_CLASS = YES_ERROR;
				CLANG_WARN_QUOTED_INCLUDE_IN_FRAMEWORK_HEADER = YES;
				CLANG_WARN_RANGE_LOOP_ANALYSIS = YES;
				CLANG_WARN_STRICT_PROTOTYPES = YES;
				CLANG_WARN_SUSPICIOUS_MOVE = YES;
				CLANG_WARN_UNGUARDED_AVAILABILITY = YES_AGGRESSIVE;
				CLANG_WARN_UNREACHABLE_CODE = YES;
				CLANG_WARN__DUPLICATE_METHOD_MATCH = YES;
				COPY_PHASE_STRIP = NO;
				DEBUG_INFORMATION_FORMAT = dwarf;
				ENABLE_STRICT_OBJC_MSGSEND = YES;
				ENABLE_TESTABILITY = YES;
				GCC_C_LANGUAGE_STANDARD = gnu11;
				GCC_DYNAMIC_NO_PIC = NO;
				GCC_NO_COMMON_BLOCKS = YES;
				GCC_OPTIMIZATION_LEVEL = 0;
				GCC_PREPROCESSOR_DEFINITIONS = (
					"DEBUG=1",
					"$(inherited)",
				);
				GCC_WARN_64_TO_32_BIT_CONVERSION = YES;
				GCC_WARN_ABOUT_RETURN_TYPE = YES_ERROR;
				GCC_WARN_UNDECLARED_SELECTOR = YES;
				GCC_WARN_UNINITIALIZED_AUTOS = YES_AGGRESSIVE;
				GCC_WARN_UNUSED_FUNCTION = YES;
				GCC_WARN_UNUSED_VARIABLE = YES;
				IPHONEOS_DEPLOYMENT_TARGET = 14.3;
				MTL_ENABLE_DEBUG_INFO = INCLUDE_SOURCE;
				MTL_FAST_MATH = YES;
				ONLY_ACTIVE_ARCH = YES;
				SDKROOT = iphoneos;
				SWIFT_ACTIVE_COMPILATION_CONDITIONS = DEBUG;
				SWIFT_OPTIMIZATION_LEVEL = "-Onone";
			};
			name = Debug;
		};
		F2E323A925C14DB70075EB2A /* Release */ = {
			isa = XCBuildConfiguration;
			buildSettings = {
				ALWAYS_SEARCH_USER_PATHS = NO;
				CLANG_ANALYZER_NONNULL = YES;
				CLANG_ANALYZER_NUMBER_OBJECT_CONVERSION = YES_AGGRESSIVE;
				CLANG_CXX_LANGUAGE_STANDARD = "gnu++14";
				CLANG_CXX_LIBRARY = "libc++";
				CLANG_ENABLE_MODULES = YES;
				CLANG_ENABLE_OBJC_ARC = YES;
				CLANG_ENABLE_OBJC_WEAK = YES;
				CLANG_WARN_BLOCK_CAPTURE_AUTORELEASING = YES;
				CLANG_WARN_BOOL_CONVERSION = YES;
				CLANG_WARN_COMMA = YES;
				CLANG_WARN_CONSTANT_CONVERSION = YES;
				CLANG_WARN_DEPRECATED_OBJC_IMPLEMENTATIONS = YES;
				CLANG_WARN_DIRECT_OBJC_ISA_USAGE = YES_ERROR;
				CLANG_WARN_DOCUMENTATION_COMMENTS = YES;
				CLANG_WARN_EMPTY_BODY = YES;
				CLANG_WARN_ENUM_CONVERSION = YES;
				CLANG_WARN_INFINITE_RECURSION = YES;
				CLANG_WARN_INT_CONVERSION = YES;
				CLANG_WARN_NON_LITERAL_NULL_CONVERSION = YES;
				CLANG_WARN_OBJC_IMPLICIT_RETAIN_SELF = YES;
				CLANG_WARN_OBJC_LITERAL_CONVERSION = YES;
				CLANG_WARN_OBJC_ROOT_CLASS = YES_ERROR;
				CLANG_WARN_QUOTED_INCLUDE_IN_FRAMEWORK_HEADER = YES;
				CLANG_WARN_RANGE_LOOP_ANALYSIS = YES;
				CLANG_WARN_STRICT_PROTOTYPES = YES;
				CLANG_WARN_SUSPICIOUS_MOVE = YES;
				CLANG_WARN_UNGUARDED_AVAILABILITY = YES_AGGRESSIVE;
				CLANG_WARN_UNREACHABLE_CODE = YES;
				CLANG_WARN__DUPLICATE_METHOD_MATCH = YES;
				COPY_PHASE_STRIP = NO;
				DEBUG_INFORMATION_FORMAT = "dwarf-with-dsym";
				ENABLE_NS_ASSERTIONS = NO;
				ENABLE_STRICT_OBJC_MSGSEND = YES;
				GCC_C_LANGUAGE_STANDARD = gnu11;
				GCC_NO_COMMON_BLOCKS = YES;
				GCC_WARN_64_TO_32_BIT_CONVERSION = YES;
				GCC_WARN_ABOUT_RETURN_TYPE = YES_ERROR;
				GCC_WARN_UNDECLARED_SELECTOR = YES;
				GCC_WARN_UNINITIALIZED_AUTOS = YES_AGGRESSIVE;
				GCC_WARN_UNUSED_FUNCTION = YES;
				GCC_WARN_UNUSED_VARIABLE = YES;
				IPHONEOS_DEPLOYMENT_TARGET = 14.3;
				MTL_ENABLE_DEBUG_INFO = NO;
				MTL_FAST_MATH = YES;
				SDKROOT = iphoneos;
				SWIFT_COMPILATION_MODE = wholemodule;
				SWIFT_OPTIMIZATION_LEVEL = "-O";
				VALIDATE_PRODUCT = YES;
			};
			name = Release;
		};
		F2E323AB25C14DB70075EB2A /* Debug */ = {
			isa = XCBuildConfiguration;
			baseConfigurationReference = 78AE80725C1199E44D57BFA4 /* Pods-Messenger.debug.xcconfig */;
			buildSettings = {
				ASSETCATALOG_COMPILER_APPICON_NAME = AppIcon;
				ASSETCATALOG_COMPILER_GLOBAL_ACCENT_COLOR_NAME = AccentColor;
				CODE_SIGN_STYLE = Automatic;
				INFOPLIST_FILE = Messenger/Info.plist;
				LD_RUNPATH_SEARCH_PATHS = (
					"$(inherited)",
					"@executable_path/Frameworks",
				);
				PRODUCT_BUNDLE_IDENTIFIER = com.CUIE.Messenger;
				PRODUCT_NAME = "$(TARGET_NAME)";
				SWIFT_VERSION = 5.0;
				TARGETED_DEVICE_FAMILY = "1,2";
			};
			name = Debug;
		};
		F2E323AC25C14DB70075EB2A /* Release */ = {
			isa = XCBuildConfiguration;
			baseConfigurationReference = BB25BAF0F3BE337B62C90030 /* Pods-Messenger.release.xcconfig */;
			buildSettings = {
				ASSETCATALOG_COMPILER_APPICON_NAME = AppIcon;
				ASSETCATALOG_COMPILER_GLOBAL_ACCENT_COLOR_NAME = AccentColor;
				CODE_SIGN_STYLE = Automatic;
				INFOPLIST_FILE = Messenger/Info.plist;
				LD_RUNPATH_SEARCH_PATHS = (
					"$(inherited)",
					"@executable_path/Frameworks",
				);
				PRODUCT_BUNDLE_IDENTIFIER = com.CUIE.Messenger;
				PRODUCT_NAME = "$(TARGET_NAME)";
				SWIFT_VERSION = 5.0;
				TARGETED_DEVICE_FAMILY = "1,2";
			};
			name = Release;
		};
/* End XCBuildConfiguration section */

/* Begin XCConfigurationList section */
		F2E3239125C14DB60075EB2A /* Build configuration list for PBXProject "Messenger" */ = {
			isa = XCConfigurationList;
			buildConfigurations = (
				F2E323A825C14DB70075EB2A /* Debug */,
				F2E323A925C14DB70075EB2A /* Release */,
			);
			defaultConfigurationIsVisible = 0;
			defaultConfigurationName = Release;
		};
		F2E323AA25C14DB70075EB2A /* Build configuration list for PBXNativeTarget "Messenger" */ = {
			isa = XCConfigurationList;
			buildConfigurations = (
				F2E323AB25C14DB70075EB2A /* Debug */,
				F2E323AC25C14DB70075EB2A /* Release */,
			);
			defaultConfigurationIsVisible = 0;
			defaultConfigurationName = Release;
		};
/* End XCConfigurationList section */
	};
	rootObject = F2E3238E25C14DB60075EB2A /* Project object */;
}
